
Microsoft Visual Studio Solution File, Format Version 12.00
# Visual Studio Version 17
VisualStudioVersion = 17.8.34330.188
MinimumVisualStudioVersion = 10.0.40219.1
Project("{FAE04EC0-301F-11D3-BF4B-00C04F79EFBC}") = "TodoApp", "TodoApp\TodoApp.csproj", "{D38D25BD-06D8-43B0-A4C1-86307812D56C}"
EndProject
Global
	GlobalSection(SolutionConfigurationPlatforms) = preSolution
		Debug|Any CPU = Debug|Any CPU
		Release|Any CPU = Release|Any CPU
	EndGlobalSection
	GlobalSection(ProjectConfigurationPlatforms) = postSolution
		{D38D25BD-06D8-43B0-A4C1-86307812D56C}.Debug|Any CPU.ActiveCfg = Debug|Any CPU
		{D38D25BD-06D8-43B0-A4C1-86307812D56C}.Debug|Any CPU.Build.0 = Debug|Any CPU
		{D38D25BD-06D8-43B0-A4C1-86307812D56C}.Release|Any CPU.ActiveCfg = Release|Any CPU
		{D38D25BD-06D8-43B0-A4C1-86307812D56C}.Release|Any CPU.Build.0 = Release|Any CPU
	EndGlobalSection
	GlobalSection(SolutionProperties) = preSolution
		HideSolutionNode = FALSE
	EndGlobalSection
	GlobalSection(ExtensibilityGlobals) = postSolution
		SolutionGuid = {4F8DFCB6-D13B-4BF7-A09F-C0044CF0922F}
	EndGlobalSection
EndGlobal
