
Microsoft Visual Studio Solution File, Format Version 12.00
# Visual Studio Version 17
VisualStudioVersion = 17.8.34330.188
MinimumVisualStudioVersion = 10.0.40219.1
Project("{9A19103F-16F7-4668-BE54-9A1E7A4F7556}") = "CodeAlongExerciseApp", "CodeAlongExerciseApp\CodeAlongExerciseApp.csproj", "{95D2981A-E525-4DE4-A516-066D60CFCD37}"
EndProject
Project("{FAE04EC0-301F-11D3-BF4B-00C04F79EFBC}") = "CodeAlongExerciseAppTest", "CodeAlongExerciseAppTest\CodeAlongExerciseAppTest.csproj", "{79F98E2F-6078-4292-AE20-9A7933450D37}"
EndProject
Global
	GlobalSection(SolutionConfigurationPlatforms) = preSolution
		Debug|Any CPU = Debug|Any CPU
		Release|Any CPU = Release|Any CPU
	EndGlobalSection
	GlobalSection(ProjectConfigurationPlatforms) = postSolution
		{95D2981A-E525-4DE4-A516-066D60CFCD37}.Debug|Any CPU.ActiveCfg = Debug|Any CPU
		{95D2981A-E525-4DE4-A516-066D60CFCD37}.Debug|Any CPU.Build.0 = Debug|Any CPU
		{95D2981A-E525-4DE4-A516-066D60CFCD37}.Release|Any CPU.ActiveCfg = Release|Any CPU
		{95D2981A-E525-4DE4-A516-066D60CFCD37}.Release|Any CPU.Build.0 = Release|Any CPU
		{79F98E2F-6078-4292-AE20-9A7933450D37}.Debug|Any CPU.ActiveCfg = Debug|Any CPU
		{79F98E2F-6078-4292-AE20-9A7933450D37}.Debug|Any CPU.Build.0 = Debug|Any CPU
		{79F98E2F-6078-4292-AE20-9A7933450D37}.Release|Any CPU.ActiveCfg = Release|Any CPU
		{79F98E2F-6078-4292-AE20-9A7933450D37}.Release|Any CPU.Build.0 = Release|Any CPU
	EndGlobalSection
	GlobalSection(SolutionProperties) = preSolution
		HideSolutionNode = FALSE
	EndGlobalSection
	GlobalSection(ExtensibilityGlobals) = postSolution
		SolutionGuid = {49087326-B695-48EC-AD29-55484ED0722B}
	EndGlobalSection
EndGlobal
